
Microsoft Visual Studio Solution File, Format Version 12.00
# Visual Studio Version 17
VisualStudioVersion = 17.10.35027.167
MinimumVisualStudioVersion = 10.0.40219.1
Project("{FAE04EC0-301F-11D3-BF4B-00C04F79EFBC}") = "MyGadgets.Api", "MyGadgets.Api\MyGadgets.Api.csproj", "{EDFBBE43-5DFC-4551-A78E-B8EC6B23A10C}"
EndProject
Global
	GlobalSection(SolutionConfigurationPlatforms) = preSolution
		Debug|Any CPU = Debug|Any CPU
		Release|Any CPU = Release|Any CPU
	EndGlobalSection
	GlobalSection(ProjectConfigurationPlatforms) = postSolution
		{EDFBBE43-5DFC-4551-A78E-B8EC6B23A10C}.Debug|Any CPU.ActiveCfg = Debug|Any CPU
		{EDFBBE43-5DFC-4551-A78E-B8EC6B23A10C}.Debug|Any CPU.Build.0 = Debug|Any CPU
		{EDFBBE43-5DFC-4551-A78E-B8EC6B23A10C}.Release|Any CPU.ActiveCfg = Release|Any CPU
		{EDFBBE43-5DFC-4551-A78E-B8EC6B23A10C}.Release|Any CPU.Build.0 = Release|Any CPU
	EndGlobalSection
	GlobalSection(SolutionProperties) = preSolution
		HideSolutionNode = FALSE
	EndGlobalSection
	GlobalSection(ExtensibilityGlobals) = postSolution
		SolutionGuid = {C0E7EB73-F493-4648-99B3-AB362A32B953}
	EndGlobalSection
EndGlobal
